
Microsoft Visual Studio Solution File, Format Version 12.00
# Visual Studio Version 17
VisualStudioVersion = 17.13.35919.96
MinimumVisualStudioVersion = 10.0.40219.1
Project("{FAE04EC0-301F-11D3-BF4B-00C04F79EFBC}") = "Bai01", "Bai01\Bai01.csproj", "{DCBAA99A-A3C2-4277-A1B0-5DC2C02F83EF}"
EndProject
Project("{FAE04EC0-301F-11D3-BF4B-00C04F79EFBC}") = "Bai02", "Bai02\Bai02.csproj", "{3A441310-7915-47F4-9A2B-9A8C80814797}"
EndProject
Project("{FAE04EC0-301F-11D3-BF4B-00C04F79EFBC}") = "Bai03", "Bai03\Bai03.csproj", "{52B16F87-E4A1-4884-A066-C9E0A0C82EAB}"
EndProject
Project("{FAE04EC0-301F-11D3-BF4B-00C04F79EFBC}") = "Bai04", "Bai04\Bai04.csproj", "{D9A078B6-1FE0-4022-8142-8F3FBC9F808F}"
EndProject
Project("{FAE04EC0-301F-11D3-BF4B-00C04F79EFBC}") = "Bai05", "Bai05\Bai05.csproj", "{0D0D2B03-A0CD-46A6-B6C5-4B5153EF5249}"
EndProject
Project("{FAE04EC0-301F-11D3-BF4B-00C04F79EFBC}") = "Bai06", "Bai06\Bai06.csproj", "{815F0BB5-1DA1-4826-A6A6-0546339F2197}"
EndProject
Global
	GlobalSection(SolutionConfigurationPlatforms) = preSolution
		Debug|Any CPU = Debug|Any CPU
		Release|Any CPU = Release|Any CPU
	EndGlobalSection
	GlobalSection(ProjectConfigurationPlatforms) = postSolution
		{DCBAA99A-A3C2-4277-A1B0-5DC2C02F83EF}.Debug|Any CPU.ActiveCfg = Debug|Any CPU
		{DCBAA99A-A3C2-4277-A1B0-5DC2C02F83EF}.Debug|Any CPU.Build.0 = Debug|Any CPU
		{DCBAA99A-A3C2-4277-A1B0-5DC2C02F83EF}.Release|Any CPU.ActiveCfg = Release|Any CPU
		{DCBAA99A-A3C2-4277-A1B0-5DC2C02F83EF}.Release|Any CPU.Build.0 = Release|Any CPU
		{3A441310-7915-47F4-9A2B-9A8C80814797}.Debug|Any CPU.ActiveCfg = Debug|Any CPU
		{3A441310-7915-47F4-9A2B-9A8C80814797}.Debug|Any CPU.Build.0 = Debug|Any CPU
		{3A441310-7915-47F4-9A2B-9A8C80814797}.Release|Any CPU.ActiveCfg = Release|Any CPU
		{3A441310-7915-47F4-9A2B-9A8C80814797}.Release|Any CPU.Build.0 = Release|Any CPU
		{52B16F87-E4A1-4884-A066-C9E0A0C82EAB}.Debug|Any CPU.ActiveCfg = Debug|Any CPU
		{52B16F87-E4A1-4884-A066-C9E0A0C82EAB}.Debug|Any CPU.Build.0 = Debug|Any CPU
		{52B16F87-E4A1-4884-A066-C9E0A0C82EAB}.Release|Any CPU.ActiveCfg = Release|Any CPU
		{52B16F87-E4A1-4884-A066-C9E0A0C82EAB}.Release|Any CPU.Build.0 = Release|Any CPU
		{D9A078B6-1FE0-4022-8142-8F3FBC9F808F}.Debug|Any CPU.ActiveCfg = Debug|Any CPU
		{D9A078B6-1FE0-4022-8142-8F3FBC9F808F}.Debug|Any CPU.Build.0 = Debug|Any CPU
		{D9A078B6-1FE0-4022-8142-8F3FBC9F808F}.Release|Any CPU.ActiveCfg = Release|Any CPU
		{D9A078B6-1FE0-4022-8142-8F3FBC9F808F}.Release|Any CPU.Build.0 = Release|Any CPU
		{0D0D2B03-A0CD-46A6-B6C5-4B5153EF5249}.Debug|Any CPU.ActiveCfg = Debug|Any CPU
		{0D0D2B03-A0CD-46A6-B6C5-4B5153EF5249}.Debug|Any CPU.Build.0 = Debug|Any CPU
		{0D0D2B03-A0CD-46A6-B6C5-4B5153EF5249}.Release|Any CPU.ActiveCfg = Release|Any CPU
		{0D0D2B03-A0CD-46A6-B6C5-4B5153EF5249}.Release|Any CPU.Build.0 = Release|Any CPU
		{815F0BB5-1DA1-4826-A6A6-0546339F2197}.Debug|Any CPU.ActiveCfg = Debug|Any CPU
		{815F0BB5-1DA1-4826-A6A6-0546339F2197}.Debug|Any CPU.Build.0 = Debug|Any CPU
		{815F0BB5-1DA1-4826-A6A6-0546339F2197}.Release|Any CPU.ActiveCfg = Release|Any CPU
		{815F0BB5-1DA1-4826-A6A6-0546339F2197}.Release|Any CPU.Build.0 = Release|Any CPU
	EndGlobalSection
	GlobalSection(SolutionProperties) = preSolution
		HideSolutionNode = FALSE
	EndGlobalSection
	GlobalSection(ExtensibilityGlobals) = postSolution
		SolutionGuid = {53D72903-7992-4DCB-9F83-A0A5D931C3E0}
	EndGlobalSection
EndGlobal
